github.com/osagemo/advent-of-code v0.0.0-20251202103757-b030a5a4520c h1:a0Q91mojOtZuayYl/aiX+OdOIyjr2azG6fh99RBlgSA=
github.com/osagemo/advent-of-code v0.0.0-20251202103757-b030a5a4520c/go.mod h1:rNYcbkJLqHNYdUeT/35wY6tZcnVMjvv25nk4RqDioEM=
github.com/osagemo/advent-of-code v0.0.0-20251202124705-6bf5c4e0acf6 h1:n8784UKW4XXPOu/WI46JHaWk/SUCJmA3aFEnXitXK8s=
github.com/osagemo/advent-of-code v0.0.0-20251202124705-6bf5c4e0acf6/go.mod h1:rNYcbkJLqHNYdUeT/35wY6tZcnVMjvv25nk4RqDioEM=
